
Microsoft Visual Studio Solution File, Format Version 12.00
# Visual Studio Version 17
VisualStudioVersion = 17.6.33723.286
MinimumVisualStudioVersion = 10.0.40219.1
Project("{FAE04EC0-301F-11D3-BF4B-00C04F79EFBC}") = "TekkenDailyReport", "TekkenDailyReport\TekkenDailyReport.csproj", "{8DDF042E-6C46-436A-A378-8F18788782F5}"
EndProject
Global
	GlobalSection(SolutionConfigurationPlatforms) = preSolution
		Debug|Any CPU = Debug|Any CPU
		Release|Any CPU = Release|Any CPU
	EndGlobalSection
	GlobalSection(ProjectConfigurationPlatforms) = postSolution
		{8DDF042E-6C46-436A-A378-8F18788782F5}.Debug|Any CPU.ActiveCfg = Debug|Any CPU
		{8DDF042E-6C46-436A-A378-8F18788782F5}.Debug|Any CPU.Build.0 = Debug|Any CPU
		{8DDF042E-6C46-436A-A378-8F18788782F5}.Release|Any CPU.ActiveCfg = Release|Any CPU
		{8DDF042E-6C46-436A-A378-8F18788782F5}.Release|Any CPU.Build.0 = Release|Any CPU
	EndGlobalSection
	GlobalSection(SolutionProperties) = preSolution
		HideSolutionNode = FALSE
	EndGlobalSection
	GlobalSection(ExtensibilityGlobals) = postSolution
		SolutionGuid = {C943F70B-7009-4D72-9D21-14FA11BC22EC}
	EndGlobalSection
EndGlobal
